
Microsoft Visual Studio Solution File, Format Version 12.00
# Visual Studio Version 17
VisualStudioVersion = 17.3.32825.248
MinimumVisualStudioVersion = 10.0.40219.1
Project("{2150E333-8FDC-42A3-9474-1A3956D46DE8}") = "00.Common", "00.Common", "{BD481B62-54F6-40EA-B49D-8659FD89F4C7}"
EndProject
Project("{2150E333-8FDC-42A3-9474-1A3956D46DE8}") = "01.Core", "01.Core", "{B6CF610C-1ABE-4609-B0B1-672C84FEECD7}"
EndProject
Project("{2150E333-8FDC-42A3-9474-1A3956D46DE8}") = "02.Infrastructure", "02.Infrastructure", "{D5ED9D39-DC5E-4D50-826A-8235B053AD90}"
EndProject
Project("{2150E333-8FDC-42A3-9474-1A3956D46DE8}") = "03.Endpoint", "03.Endpoint", "{15D3802A-0F4A-4D20-8D67-A88AB5EE2BBE}"
EndProject
Project("{9A19103F-16F7-4668-BE54-9A1E7A4F7556}") = "MMOnlineShop.Common", "MMOnlineShop.Common\MMOnlineShop.Common.csproj", "{9CC68BB9-4EA8-4F9C-B6C5-BF7B7C347140}"
EndProject
Project("{9A19103F-16F7-4668-BE54-9A1E7A4F7556}") = "MMOnlineShop.Core.ApplicationService", "MMOnlineShop.Core.ApplicationService\MMOnlineShop.Core.ApplicationService.csproj", "{90941F62-D744-40DD-88CE-64CF6F59C71C}"
	ProjectSection(ProjectDependencies) = postProject
		{16FE9D7F-E708-491C-931F-BF7A25F804BF} = {16FE9D7F-E708-491C-931F-BF7A25F804BF}
		{9CC68BB9-4EA8-4F9C-B6C5-BF7B7C347140} = {9CC68BB9-4EA8-4F9C-B6C5-BF7B7C347140}
	EndProjectSection
EndProject
Project("{9A19103F-16F7-4668-BE54-9A1E7A4F7556}") = "MMOnlineShop.Core.Domain", "MMOnlineShop.Core.Domain\MMOnlineShop.Core.Domain.csproj", "{16FE9D7F-E708-491C-931F-BF7A25F804BF}"
	ProjectSection(ProjectDependencies) = postProject
		{9CC68BB9-4EA8-4F9C-B6C5-BF7B7C347140} = {9CC68BB9-4EA8-4F9C-B6C5-BF7B7C347140}
	EndProjectSection
EndProject
Project("{9A19103F-16F7-4668-BE54-9A1E7A4F7556}") = "MMOnlineShop.Infrastructure.Data.SqlServer", "MMOnlineShop.Infrastructure.Data.SqlServer\MMOnlineShop.Infrastructure.Data.SqlServer.csproj", "{71968032-A35F-4305-8CAC-286E14D47DFC}"
	ProjectSection(ProjectDependencies) = postProject
		{16FE9D7F-E708-491C-931F-BF7A25F804BF} = {16FE9D7F-E708-491C-931F-BF7A25F804BF}
	EndProjectSection
EndProject
Project("{9A19103F-16F7-4668-BE54-9A1E7A4F7556}") = "MMOnlineShop.Endpoint.Storage", "MMOnlineShop.Endpoint.Storage\MMOnlineShop.Endpoint.Storage.csproj", "{E179667F-F30B-4605-A516-51553817B72D}"
	ProjectSection(ProjectDependencies) = postProject
		{16FE9D7F-E708-491C-931F-BF7A25F804BF} = {16FE9D7F-E708-491C-931F-BF7A25F804BF}
		{71968032-A35F-4305-8CAC-286E14D47DFC} = {71968032-A35F-4305-8CAC-286E14D47DFC}
		{90941F62-D744-40DD-88CE-64CF6F59C71C} = {90941F62-D744-40DD-88CE-64CF6F59C71C}
		{9CC68BB9-4EA8-4F9C-B6C5-BF7B7C347140} = {9CC68BB9-4EA8-4F9C-B6C5-BF7B7C347140}
	EndProjectSection
EndProject
Project("{9A19103F-16F7-4668-BE54-9A1E7A4F7556}") = "MMOnlineShop.Endpoint.WebAPI", "MMOnlineShop.Endpoint.WebAPI\MMOnlineShop.Endpoint.WebAPI.csproj", "{87F82149-8C97-4998-8D62-BA8E41616B49}"
	ProjectSection(ProjectDependencies) = postProject
		{71968032-A35F-4305-8CAC-286E14D47DFC} = {71968032-A35F-4305-8CAC-286E14D47DFC}
		{90941F62-D744-40DD-88CE-64CF6F59C71C} = {90941F62-D744-40DD-88CE-64CF6F59C71C}
		{E179667F-F30B-4605-A516-51553817B72D} = {E179667F-F30B-4605-A516-51553817B72D}
	EndProjectSection
EndProject
Project("{9A19103F-16F7-4668-BE54-9A1E7A4F7556}") = "MMOnlineShop.Endpoint.Test", "MMOnlineShop.Endpoint.Test\MMOnlineShop.Endpoint.Test.csproj", "{9402AAD1-6F15-4803-9F1E-3FBE3B6D18E5}"
	ProjectSection(ProjectDependencies) = postProject
		{16FE9D7F-E708-491C-931F-BF7A25F804BF} = {16FE9D7F-E708-491C-931F-BF7A25F804BF}
		{71968032-A35F-4305-8CAC-286E14D47DFC} = {71968032-A35F-4305-8CAC-286E14D47DFC}
		{87F82149-8C97-4998-8D62-BA8E41616B49} = {87F82149-8C97-4998-8D62-BA8E41616B49}
		{90941F62-D744-40DD-88CE-64CF6F59C71C} = {90941F62-D744-40DD-88CE-64CF6F59C71C}
		{9CC68BB9-4EA8-4F9C-B6C5-BF7B7C347140} = {9CC68BB9-4EA8-4F9C-B6C5-BF7B7C347140}
	EndProjectSection
EndProject
Global
	GlobalSection(SolutionConfigurationPlatforms) = preSolution
		Debug|Any CPU = Debug|Any CPU
		Release|Any CPU = Release|Any CPU
	EndGlobalSection
	GlobalSection(ProjectConfigurationPlatforms) = postSolution
		{9CC68BB9-4EA8-4F9C-B6C5-BF7B7C347140}.Debug|Any CPU.ActiveCfg = Debug|Any CPU
		{9CC68BB9-4EA8-4F9C-B6C5-BF7B7C347140}.Debug|Any CPU.Build.0 = Debug|Any CPU
		{9CC68BB9-4EA8-4F9C-B6C5-BF7B7C347140}.Release|Any CPU.ActiveCfg = Release|Any CPU
		{9CC68BB9-4EA8-4F9C-B6C5-BF7B7C347140}.Release|Any CPU.Build.0 = Release|Any CPU
		{90941F62-D744-40DD-88CE-64CF6F59C71C}.Debug|Any CPU.ActiveCfg = Debug|Any CPU
		{90941F62-D744-40DD-88CE-64CF6F59C71C}.Debug|Any CPU.Build.0 = Debug|Any CPU
		{90941F62-D744-40DD-88CE-64CF6F59C71C}.Release|Any CPU.ActiveCfg = Release|Any CPU
		{90941F62-D744-40DD-88CE-64CF6F59C71C}.Release|Any CPU.Build.0 = Release|Any CPU
		{16FE9D7F-E708-491C-931F-BF7A25F804BF}.Debug|Any CPU.ActiveCfg = Debug|Any CPU
		{16FE9D7F-E708-491C-931F-BF7A25F804BF}.Debug|Any CPU.Build.0 = Debug|Any CPU
		{16FE9D7F-E708-491C-931F-BF7A25F804BF}.Release|Any CPU.ActiveCfg = Release|Any CPU
		{16FE9D7F-E708-491C-931F-BF7A25F804BF}.Release|Any CPU.Build.0 = Release|Any CPU
		{71968032-A35F-4305-8CAC-286E14D47DFC}.Debug|Any CPU.ActiveCfg = Debug|Any CPU
		{71968032-A35F-4305-8CAC-286E14D47DFC}.Debug|Any CPU.Build.0 = Debug|Any CPU
		{71968032-A35F-4305-8CAC-286E14D47DFC}.Release|Any CPU.ActiveCfg = Release|Any CPU
		{71968032-A35F-4305-8CAC-286E14D47DFC}.Release|Any CPU.Build.0 = Release|Any CPU
		{E179667F-F30B-4605-A516-51553817B72D}.Debug|Any CPU.ActiveCfg = Debug|Any CPU
		{E179667F-F30B-4605-A516-51553817B72D}.Debug|Any CPU.Build.0 = Debug|Any CPU
		{E179667F-F30B-4605-A516-51553817B72D}.Release|Any CPU.ActiveCfg = Release|Any CPU
		{E179667F-F30B-4605-A516-51553817B72D}.Release|Any CPU.Build.0 = Release|Any CPU
		{87F82149-8C97-4998-8D62-BA8E41616B49}.Debug|Any CPU.ActiveCfg = Debug|Any CPU
		{87F82149-8C97-4998-8D62-BA8E41616B49}.Debug|Any CPU.Build.0 = Debug|Any CPU
		{87F82149-8C97-4998-8D62-BA8E41616B49}.Release|Any CPU.ActiveCfg = Release|Any CPU
		{87F82149-8C97-4998-8D62-BA8E41616B49}.Release|Any CPU.Build.0 = Release|Any CPU
		{9402AAD1-6F15-4803-9F1E-3FBE3B6D18E5}.Debug|Any CPU.ActiveCfg = Debug|Any CPU
		{9402AAD1-6F15-4803-9F1E-3FBE3B6D18E5}.Debug|Any CPU.Build.0 = Debug|Any CPU
		{9402AAD1-6F15-4803-9F1E-3FBE3B6D18E5}.Release|Any CPU.ActiveCfg = Release|Any CPU
		{9402AAD1-6F15-4803-9F1E-3FBE3B6D18E5}.Release|Any CPU.Build.0 = Release|Any CPU
	EndGlobalSection
	GlobalSection(SolutionProperties) = preSolution
		HideSolutionNode = FALSE
	EndGlobalSection
	GlobalSection(NestedProjects) = preSolution
		{9CC68BB9-4EA8-4F9C-B6C5-BF7B7C347140} = {BD481B62-54F6-40EA-B49D-8659FD89F4C7}
		{90941F62-D744-40DD-88CE-64CF6F59C71C} = {B6CF610C-1ABE-4609-B0B1-672C84FEECD7}
		{16FE9D7F-E708-491C-931F-BF7A25F804BF} = {B6CF610C-1ABE-4609-B0B1-672C84FEECD7}
		{71968032-A35F-4305-8CAC-286E14D47DFC} = {D5ED9D39-DC5E-4D50-826A-8235B053AD90}
		{E179667F-F30B-4605-A516-51553817B72D} = {15D3802A-0F4A-4D20-8D67-A88AB5EE2BBE}
		{87F82149-8C97-4998-8D62-BA8E41616B49} = {15D3802A-0F4A-4D20-8D67-A88AB5EE2BBE}
		{9402AAD1-6F15-4803-9F1E-3FBE3B6D18E5} = {15D3802A-0F4A-4D20-8D67-A88AB5EE2BBE}
	EndGlobalSection
	GlobalSection(ExtensibilityGlobals) = postSolution
		SolutionGuid = {456DF9E1-1720-4279-B4F2-B56DE8CF998D}
	EndGlobalSection
EndGlobal
